
Microsoft Visual Studio Solution File, Format Version 12.00
# Visual Studio Version 17
VisualStudioVersion = 17.0.31903.59
MinimumVisualStudioVersion = 10.0.40219.1
Project("{FAE04EC0-301F-11D3-BF4B-00C04F79EFBC}") = "UniformesSystem.Database", "UniformesSystem.Database\UniformesSystem.Database.csproj", "{843538B6-868C-45A9-A411-CAA837861C47}"
EndProject
Project("{FAE04EC0-301F-11D3-BF4B-00C04F79EFBC}") = "UniformesSystem.API", "UniformesSystem.API\UniformesSystem.API.csproj", "{616A4AA0-ECD3-4E98-ADCF-DEA9367AB439}"
EndProject
Project("{FAE04EC0-301F-11D3-BF4B-00C04F79EFBC}") = "UniformesSystem.Web", "UniformesSystem.Web\UniformesSystem.Web.csproj", "{137B7D79-C8E5-4E52-B525-760F02EF7610}"
EndProject
Global
	GlobalSection(SolutionConfigurationPlatforms) = preSolution
		Debug|Any CPU = Debug|Any CPU
		Debug|x64 = Debug|x64
		Debug|x86 = Debug|x86
		Release|Any CPU = Release|Any CPU
		Release|x64 = Release|x64
		Release|x86 = Release|x86
	EndGlobalSection
	GlobalSection(ProjectConfigurationPlatforms) = postSolution
		{843538B6-868C-45A9-A411-CAA837861C47}.Debug|Any CPU.ActiveCfg = Debug|Any CPU
		{843538B6-868C-45A9-A411-CAA837861C47}.Debug|Any CPU.Build.0 = Debug|Any CPU
		{843538B6-868C-45A9-A411-CAA837861C47}.Debug|x64.ActiveCfg = Debug|Any CPU
		{843538B6-868C-45A9-A411-CAA837861C47}.Debug|x64.Build.0 = Debug|Any CPU
		{843538B6-868C-45A9-A411-CAA837861C47}.Debug|x86.ActiveCfg = Debug|Any CPU
		{843538B6-868C-45A9-A411-CAA837861C47}.Debug|x86.Build.0 = Debug|Any CPU
		{843538B6-868C-45A9-A411-CAA837861C47}.Release|Any CPU.ActiveCfg = Release|Any CPU
		{843538B6-868C-45A9-A411-CAA837861C47}.Release|Any CPU.Build.0 = Release|Any CPU
		{843538B6-868C-45A9-A411-CAA837861C47}.Release|x64.ActiveCfg = Release|Any CPU
		{843538B6-868C-45A9-A411-CAA837861C47}.Release|x64.Build.0 = Release|Any CPU
		{843538B6-868C-45A9-A411-CAA837861C47}.Release|x86.ActiveCfg = Release|Any CPU
		{843538B6-868C-45A9-A411-CAA837861C47}.Release|x86.Build.0 = Release|Any CPU
		{616A4AA0-ECD3-4E98-ADCF-DEA9367AB439}.Debug|Any CPU.ActiveCfg = Debug|Any CPU
		{616A4AA0-ECD3-4E98-ADCF-DEA9367AB439}.Debug|Any CPU.Build.0 = Debug|Any CPU
		{616A4AA0-ECD3-4E98-ADCF-DEA9367AB439}.Debug|x64.ActiveCfg = Debug|Any CPU
		{616A4AA0-ECD3-4E98-ADCF-DEA9367AB439}.Debug|x64.Build.0 = Debug|Any CPU
		{616A4AA0-ECD3-4E98-ADCF-DEA9367AB439}.Debug|x86.ActiveCfg = Debug|Any CPU
		{616A4AA0-ECD3-4E98-ADCF-DEA9367AB439}.Debug|x86.Build.0 = Debug|Any CPU
		{616A4AA0-ECD3-4E98-ADCF-DEA9367AB439}.Release|Any CPU.ActiveCfg = Release|Any CPU
		{616A4AA0-ECD3-4E98-ADCF-DEA9367AB439}.Release|Any CPU.Build.0 = Release|Any CPU
		{616A4AA0-ECD3-4E98-ADCF-DEA9367AB439}.Release|x64.ActiveCfg = Release|Any CPU
		{616A4AA0-ECD3-4E98-ADCF-DEA9367AB439}.Release|x64.Build.0 = Release|Any CPU
		{616A4AA0-ECD3-4E98-ADCF-DEA9367AB439}.Release|x86.ActiveCfg = Release|Any CPU
		{616A4AA0-ECD3-4E98-ADCF-DEA9367AB439}.Release|x86.Build.0 = Release|Any CPU
		{137B7D79-C8E5-4E52-B525-760F02EF7610}.Debug|Any CPU.ActiveCfg = Debug|Any CPU
		{137B7D79-C8E5-4E52-B525-760F02EF7610}.Debug|Any CPU.Build.0 = Debug|Any CPU
		{137B7D79-C8E5-4E52-B525-760F02EF7610}.Debug|x64.ActiveCfg = Debug|Any CPU
		{137B7D79-C8E5-4E52-B525-760F02EF7610}.Debug|x64.Build.0 = Debug|Any CPU
		{137B7D79-C8E5-4E52-B525-760F02EF7610}.Debug|x86.ActiveCfg = Debug|Any CPU
		{137B7D79-C8E5-4E52-B525-760F02EF7610}.Debug|x86.Build.0 = Debug|Any CPU
		{137B7D79-C8E5-4E52-B525-760F02EF7610}.Release|Any CPU.ActiveCfg = Release|Any CPU
		{137B7D79-C8E5-4E52-B525-760F02EF7610}.Release|Any CPU.Build.0 = Release|Any CPU
		{137B7D79-C8E5-4E52-B525-760F02EF7610}.Release|x64.ActiveCfg = Release|Any CPU
		{137B7D79-C8E5-4E52-B525-760F02EF7610}.Release|x64.Build.0 = Release|Any CPU
		{137B7D79-C8E5-4E52-B525-760F02EF7610}.Release|x86.ActiveCfg = Release|Any CPU
		{137B7D79-C8E5-4E52-B525-760F02EF7610}.Release|x86.Build.0 = Release|Any CPU
	EndGlobalSection
	GlobalSection(SolutionProperties) = preSolution
		HideSolutionNode = FALSE
	EndGlobalSection
EndGlobal
